
Microsoft Visual Studio Solution File, Format Version 12.00
# Visual Studio Version 17
VisualStudioVersion = 17.7.34221.43
MinimumVisualStudioVersion = 10.0.40219.1
Project("{2150E333-8FDC-42A3-9474-1A3956D46DE8}") = "FrontEnd", "FrontEnd", "{00CC9102-44B9-4353-AB5F-19B425567333}"
	ProjectSection(SolutionItems) = preProject
		.gitignore = .gitignore
	EndProjectSection
EndProject
Project("{2150E333-8FDC-42A3-9474-1A3956D46DE8}") = "Gateway", "Gateway", "{D99989F7-706A-403E-9E62-CCED14B7E0F3}"
EndProject
Project("{2150E333-8FDC-42A3-9474-1A3956D46DE8}") = "Integration", "Integration", "{9965A7CF-A878-442B-A1E6-90EDF3D5AFF7}"
EndProject
Project("{2150E333-8FDC-42A3-9474-1A3956D46DE8}") = "Services", "Services", "{73C1A7E1-343F-41F0-80CD-B8B8DD41727A}"
EndProject
Project("{9A19103F-16F7-4668-BE54-9A1E7A4F7556}") = "MicroservicesApp.Services.CouponAPI", "MicroservicesApp.Services.CouponAPI\MicroservicesApp.Services.CouponAPI.csproj", "{1AD25785-4DA9-439F-B3AF-4A996A01BB55}"
EndProject
Project("{9A19103F-16F7-4668-BE54-9A1E7A4F7556}") = "Microservices.Web", "Microservices.Web\Microservices.Web.csproj", "{96DC6127-68D2-43CF-A5B8-9C339357AAF5}"
EndProject
Project("{9A19103F-16F7-4668-BE54-9A1E7A4F7556}") = "Microservices.Services.AuthAPI", "Microservices.Services.AuthAPI\Microservices.Services.AuthAPI.csproj", "{482B6C92-CB40-4E77-909F-83D6B5D9CB9D}"
EndProject
Project("{9A19103F-16F7-4668-BE54-9A1E7A4F7556}") = "Microservices.Services.ProductAPI", "Microservices.Services.ProductAPI\Microservices.Services.ProductAPI.csproj", "{1B97F4CE-0BFA-4E6B-9B5C-41145830F24A}"
EndProject
Project("{9A19103F-16F7-4668-BE54-9A1E7A4F7556}") = "Microservices.Services.ShoppingCartAPI", "Microservices.Services.ShoppingCartAPI\Microservices.Services.ShoppingCartAPI.csproj", "{2661D03C-5D9E-4E47-B44E-876737D556E7}"
EndProject
Project("{9A19103F-16F7-4668-BE54-9A1E7A4F7556}") = "Microservices.MessageBus", "Microservices.MessageBus\Microservices.MessageBus.csproj", "{E6EB0E4C-F145-446B-9514-C02E3C1D5C12}"
EndProject
Project("{9A19103F-16F7-4668-BE54-9A1E7A4F7556}") = "Microservices.Services.EmailAPI", "Microservices.Services.EmailAPI\Microservices.Services.EmailAPI.csproj", "{F8D5FDAE-6495-4BFF-A537-254B7F9E9921}"
EndProject
Project("{9A19103F-16F7-4668-BE54-9A1E7A4F7556}") = "Microservices.Services.OrderAPI", "Microservices.Services.OrderAPI\Microservices.Services.OrderAPI.csproj", "{0BDEEA85-C743-45BF-8008-340E4C8F4C9E}"
EndProject
Project("{FAE04EC0-301F-11D3-BF4B-00C04F79EFBC}") = "Microservices.Services.RewardAPI", "Microservices.Services.RewardAPI\Microservices.Services.RewardAPI.csproj", "{41287B6C-C52C-492A-B5FD-527D0671BFC5}"
EndProject
Global
	GlobalSection(SolutionConfigurationPlatforms) = preSolution
		Debug|Any CPU = Debug|Any CPU
		Release|Any CPU = Release|Any CPU
	EndGlobalSection
	GlobalSection(ProjectConfigurationPlatforms) = postSolution
		{1AD25785-4DA9-439F-B3AF-4A996A01BB55}.Debug|Any CPU.ActiveCfg = Debug|Any CPU
		{1AD25785-4DA9-439F-B3AF-4A996A01BB55}.Debug|Any CPU.Build.0 = Debug|Any CPU
		{1AD25785-4DA9-439F-B3AF-4A996A01BB55}.Release|Any CPU.ActiveCfg = Release|Any CPU
		{1AD25785-4DA9-439F-B3AF-4A996A01BB55}.Release|Any CPU.Build.0 = Release|Any CPU
		{96DC6127-68D2-43CF-A5B8-9C339357AAF5}.Debug|Any CPU.ActiveCfg = Debug|Any CPU
		{96DC6127-68D2-43CF-A5B8-9C339357AAF5}.Debug|Any CPU.Build.0 = Debug|Any CPU
		{96DC6127-68D2-43CF-A5B8-9C339357AAF5}.Release|Any CPU.ActiveCfg = Release|Any CPU
		{96DC6127-68D2-43CF-A5B8-9C339357AAF5}.Release|Any CPU.Build.0 = Release|Any CPU
		{482B6C92-CB40-4E77-909F-83D6B5D9CB9D}.Debug|Any CPU.ActiveCfg = Debug|Any CPU
		{482B6C92-CB40-4E77-909F-83D6B5D9CB9D}.Debug|Any CPU.Build.0 = Debug|Any CPU
		{482B6C92-CB40-4E77-909F-83D6B5D9CB9D}.Release|Any CPU.ActiveCfg = Release|Any CPU
		{482B6C92-CB40-4E77-909F-83D6B5D9CB9D}.Release|Any CPU.Build.0 = Release|Any CPU
		{1B97F4CE-0BFA-4E6B-9B5C-41145830F24A}.Debug|Any CPU.ActiveCfg = Debug|Any CPU
		{1B97F4CE-0BFA-4E6B-9B5C-41145830F24A}.Debug|Any CPU.Build.0 = Debug|Any CPU
		{1B97F4CE-0BFA-4E6B-9B5C-41145830F24A}.Release|Any CPU.ActiveCfg = Release|Any CPU
		{1B97F4CE-0BFA-4E6B-9B5C-41145830F24A}.Release|Any CPU.Build.0 = Release|Any CPU
		{2661D03C-5D9E-4E47-B44E-876737D556E7}.Debug|Any CPU.ActiveCfg = Debug|Any CPU
		{2661D03C-5D9E-4E47-B44E-876737D556E7}.Debug|Any CPU.Build.0 = Debug|Any CPU
		{2661D03C-5D9E-4E47-B44E-876737D556E7}.Release|Any CPU.ActiveCfg = Release|Any CPU
		{2661D03C-5D9E-4E47-B44E-876737D556E7}.Release|Any CPU.Build.0 = Release|Any CPU
		{E6EB0E4C-F145-446B-9514-C02E3C1D5C12}.Debug|Any CPU.ActiveCfg = Debug|Any CPU
		{E6EB0E4C-F145-446B-9514-C02E3C1D5C12}.Debug|Any CPU.Build.0 = Debug|Any CPU
		{E6EB0E4C-F145-446B-9514-C02E3C1D5C12}.Release|Any CPU.ActiveCfg = Release|Any CPU
		{E6EB0E4C-F145-446B-9514-C02E3C1D5C12}.Release|Any CPU.Build.0 = Release|Any CPU
		{F8D5FDAE-6495-4BFF-A537-254B7F9E9921}.Debug|Any CPU.ActiveCfg = Debug|Any CPU
		{F8D5FDAE-6495-4BFF-A537-254B7F9E9921}.Debug|Any CPU.Build.0 = Debug|Any CPU
		{F8D5FDAE-6495-4BFF-A537-254B7F9E9921}.Release|Any CPU.ActiveCfg = Release|Any CPU
		{F8D5FDAE-6495-4BFF-A537-254B7F9E9921}.Release|Any CPU.Build.0 = Release|Any CPU
		{0BDEEA85-C743-45BF-8008-340E4C8F4C9E}.Debug|Any CPU.ActiveCfg = Debug|Any CPU
		{0BDEEA85-C743-45BF-8008-340E4C8F4C9E}.Debug|Any CPU.Build.0 = Debug|Any CPU
		{0BDEEA85-C743-45BF-8008-340E4C8F4C9E}.Release|Any CPU.ActiveCfg = Release|Any CPU
		{0BDEEA85-C743-45BF-8008-340E4C8F4C9E}.Release|Any CPU.Build.0 = Release|Any CPU
		{41287B6C-C52C-492A-B5FD-527D0671BFC5}.Debug|Any CPU.ActiveCfg = Debug|Any CPU
		{41287B6C-C52C-492A-B5FD-527D0671BFC5}.Debug|Any CPU.Build.0 = Debug|Any CPU
		{41287B6C-C52C-492A-B5FD-527D0671BFC5}.Release|Any CPU.ActiveCfg = Release|Any CPU
		{41287B6C-C52C-492A-B5FD-527D0671BFC5}.Release|Any CPU.Build.0 = Release|Any CPU
	EndGlobalSection
	GlobalSection(SolutionProperties) = preSolution
		HideSolutionNode = FALSE
	EndGlobalSection
	GlobalSection(NestedProjects) = preSolution
		{1AD25785-4DA9-439F-B3AF-4A996A01BB55} = {73C1A7E1-343F-41F0-80CD-B8B8DD41727A}
		{96DC6127-68D2-43CF-A5B8-9C339357AAF5} = {00CC9102-44B9-4353-AB5F-19B425567333}
		{482B6C92-CB40-4E77-909F-83D6B5D9CB9D} = {73C1A7E1-343F-41F0-80CD-B8B8DD41727A}
		{1B97F4CE-0BFA-4E6B-9B5C-41145830F24A} = {73C1A7E1-343F-41F0-80CD-B8B8DD41727A}
		{2661D03C-5D9E-4E47-B44E-876737D556E7} = {73C1A7E1-343F-41F0-80CD-B8B8DD41727A}
		{E6EB0E4C-F145-446B-9514-C02E3C1D5C12} = {9965A7CF-A878-442B-A1E6-90EDF3D5AFF7}
		{F8D5FDAE-6495-4BFF-A537-254B7F9E9921} = {73C1A7E1-343F-41F0-80CD-B8B8DD41727A}
		{0BDEEA85-C743-45BF-8008-340E4C8F4C9E} = {73C1A7E1-343F-41F0-80CD-B8B8DD41727A}
		{41287B6C-C52C-492A-B5FD-527D0671BFC5} = {73C1A7E1-343F-41F0-80CD-B8B8DD41727A}
	EndGlobalSection
	GlobalSection(ExtensibilityGlobals) = postSolution
		SolutionGuid = {EA92B12C-883B-4701-805F-4725E3AB2F89}
	EndGlobalSection
EndGlobal
